
Microsoft Visual Studio Solution File, Format Version 12.00
# Visual Studio 2013
VisualStudioVersion = 12.0.31101.0
MinimumVisualStudioVersion = 10.0.40219.1
Project("{FAE04EC0-301F-11D3-BF4B-00C04F79EFBC}") = "MVC5_Exceptions", "MVC5_Exceptions\MVC5_Exceptions.csproj", "{A6ABB4E5-FDAC-47A8-993E-F2737C39E8DD}"
EndProject
Global
	GlobalSection(SolutionConfigurationPlatforms) = preSolution
		Debug|Any CPU = Debug|Any CPU
		Release|Any CPU = Release|Any CPU
	EndGlobalSection
	GlobalSection(ProjectConfigurationPlatforms) = postSolution
		{A6ABB4E5-FDAC-47A8-993E-F2737C39E8DD}.Debug|Any CPU.ActiveCfg = Debug|Any CPU
		{A6ABB4E5-FDAC-47A8-993E-F2737C39E8DD}.Debug|Any CPU.Build.0 = Debug|Any CPU
		{A6ABB4E5-FDAC-47A8-993E-F2737C39E8DD}.Release|Any CPU.ActiveCfg = Release|Any CPU
		{A6ABB4E5-FDAC-47A8-993E-F2737C39E8DD}.Release|Any CPU.Build.0 = Release|Any CPU
	EndGlobalSection
	GlobalSection(SolutionProperties) = preSolution
		HideSolutionNode = FALSE
	EndGlobalSection
EndGlobal
